// !$*UTF8*$!
{
	archiveVersion = 1;
	classes = {
	};
	objectVersion = 56;
	objects = {

/* Begin PBXBuildFile section */
		DE62BA382A84E2F600CA64C1 /* AppDelegate.swift in Sources */ = {isa = PBXBuildFile; fileRef = DE62BA372A84E2F600CA64C1 /* AppDelegate.swift */; };
		DE62BA3A2A84E2F600CA64C1 /* SceneDelegate.swift in Sources */ = {isa = PBXBuildFile; fileRef = DE62BA392A84E2F600CA64C1 /* SceneDelegate.swift */; };
		DE62BA3C2A84E2F600CA64C1 /* ViewController.swift in Sources */ = {isa = PBXBuildFile; fileRef = DE62BA3B2A84E2F600CA64C1 /* ViewController.swift */; };
		DE62BA3F2A84E2F600CA64C1 /* Main.storyboard in Resources */ = {isa = PBXBuildFile; fileRef = DE62BA3D2A84E2F600CA64C1 /* Main.storyboard */; };
		DE62BA412A84E2F700CA64C1 /* Assets.xcassets in Resources */ = {isa = PBXBuildFile; fileRef = DE62BA402A84E2F700CA64C1 /* Assets.xcassets */; };
		DE62BA442A84E2F700CA64C1 /* LaunchScreen.storyboard in Resources */ = {isa = PBXBuildFile; fileRef = DE62BA422A84E2F700CA64C1 /* LaunchScreen.storyboard */; };
		DEEBC0332A84EBEC00ED6816 /* .gitignore in Resources */ = {isa = PBXBuildFile; fileRef = DEEBC0322A84EBEC00ED6816 /* .gitignore */; };
		DEEBC0362A84EC1800ED6816 /* APIKey.swift in Sources */ = {isa = PBXBuildFile; fileRef = DEEBC0352A84EC1800ED6816 /* APIKey.swift */; };
		DEEBC0382A84F8E300ED6816 /* PapagoNetwork.swift in Sources */ = {isa = PBXBuildFile; fileRef = DEEBC0372A84F8E300ED6816 /* PapagoNetwork.swift */; };
		DEEBC03B2A84F92C00ED6816 /* Alamofire in Frameworks */ = {isa = PBXBuildFile; productRef = DEEBC03A2A84F92C00ED6816 /* Alamofire */; };
		DEEBC03E2A84F93400ED6816 /* SwiftyJSON in Frameworks */ = {isa = PBXBuildFile; productRef = DEEBC03D2A84F93400ED6816 /* SwiftyJSON */; };
		DEEBC0422A84FAC000ED6816 /* PapagoAPI.swift in Sources */ = {isa = PBXBuildFile; fileRef = DEEBC0412A84FAC000ED6816 /* PapagoAPI.swift */; };
/* End PBXBuildFile section */

/* Begin PBXFileReference section */
		DE62BA342A84E2F600CA64C1 /* PapagoAPIpractice.app */ = {isa = PBXFileReference; explicitFileType = wrapper.application; includeInIndex = 0; path = PapagoAPIpractice.app; sourceTree = BUILT_PRODUCTS_DIR; };
		DE62BA372A84E2F600CA64C1 /* AppDelegate.swift */ = {isa = PBXFileReference; lastKnownFileType = sourcecode.swift; path = AppDelegate.swift; sourceTree = "<group>"; };
		DE62BA392A84E2F600CA64C1 /* SceneDelegate.swift */ = {isa = PBXFileReference; lastKnownFileType = sourcecode.swift; path = SceneDelegate.swift; sourceTree = "<group>"; };
		DE62BA3B2A84E2F600CA64C1 /* ViewController.swift */ = {isa = PBXFileReference; lastKnownFileType = sourcecode.swift; path = ViewController.swift; sourceTree = "<group>"; };
		DE62BA3E2A84E2F600CA64C1 /* Base */ = {isa = PBXFileReference; lastKnownFileType = file.storyboard; name = Base; path = Base.lproj/Main.storyboard; sourceTree = "<group>"; };
		DE62BA402A84E2F700CA64C1 /* Assets.xcassets */ = {isa = PBXFileReference; lastKnownFileType = folder.assetcatalog; path = Assets.xcassets; sourceTree = "<group>"; };
		DE62BA432A84E2F700CA64C1 /* Base */ = {isa = PBXFileReference; lastKnownFileType = file.storyboard; name = Base; path = Base.lproj/LaunchScreen.storyboard; sourceTree = "<group>"; };
		DE62BA452A84E2F700CA64C1 /* Info.plist */ = {isa = PBXFileReference; lastKnownFileType = text.plist.xml; path = Info.plist; sourceTree = "<group>"; };
		DEEBC0322A84EBEC00ED6816 /* .gitignore */ = {isa = PBXFileReference; lastKnownFileType = text; path = .gitignore; sourceTree = "<group>"; };
		DEEBC0352A84EC1800ED6816 /* APIKey.swift */ = {isa = PBXFileReference; lastKnownFileType = sourcecode.swift; path = APIKey.swift; sourceTree = "<group>"; };
		DEEBC0372A84F8E300ED6816 /* PapagoNetwork.swift */ = {isa = PBXFileReference; lastKnownFileType = sourcecode.swift; path = PapagoNetwork.swift; sourceTree = "<group>"; };
		DEEBC0412A84FAC000ED6816 /* PapagoAPI.swift */ = {isa = PBXFileReference; lastKnownFileType = sourcecode.swift; path = PapagoAPI.swift; sourceTree = "<group>"; };
/* End PBXFileReference section */

/* Begin PBXFrameworksBuildPhase section */
		DE62BA312A84E2F600CA64C1 /* Frameworks */ = {
			isa = PBXFrameworksBuildPhase;
			buildActionMask = 2147483647;
			files = (
				DEEBC03E2A84F93400ED6816 /* SwiftyJSON in Frameworks */,
				DEEBC03B2A84F92C00ED6816 /* Alamofire in Frameworks */,
			);
			runOnlyForDeploymentPostprocessing = 0;
		};
/* End PBXFrameworksBuildPhase section */

/* Begin PBXGroup section */
		DE62BA2B2A84E2F600CA64C1 = {
			isa = PBXGroup;
			children = (
				DE62BA362A84E2F600CA64C1 /* PapagoAPIpractice */,
				DE62BA352A84E2F600CA64C1 /* Products */,
			);
			sourceTree = "<group>";
		};
		DE62BA352A84E2F600CA64C1 /* Products */ = {
			isa = PBXGroup;
			children = (
				DE62BA342A84E2F600CA64C1 /* PapagoAPIpractice.app */,
			);
			name = Products;
			sourceTree = "<group>";
		};
		DE62BA362A84E2F600CA64C1 /* PapagoAPIpractice */ = {
			isa = PBXGroup;
			children = (
				DEEBC0322A84EBEC00ED6816 /* .gitignore */,
				DE62BA372A84E2F600CA64C1 /* AppDelegate.swift */,
				DE62BA392A84E2F600CA64C1 /* SceneDelegate.swift */,
				DEB107842A85347900506C21 /* Security */,
				DEEBC03F2A84FA8E00ED6816 /* Manager */,
				DEEBC0402A84FAAB00ED6816 /* Helpers */,
				DE62BA4D2A84E34200CA64C1 /* Models */,
				DE62BA4C2A84E34000CA64C1 /* View */,
				DE62BA4B2A84E33E00CA64C1 /* Controllers */,
				DE62BA402A84E2F700CA64C1 /* Assets.xcassets */,
				DE62BA422A84E2F700CA64C1 /* LaunchScreen.storyboard */,
				DE62BA452A84E2F700CA64C1 /* Info.plist */,
			);
			path = PapagoAPIpractice;
			sourceTree = "<group>";
		};
		DE62BA4B2A84E33E00CA64C1 /* Controllers */ = {
			isa = PBXGroup;
			children = (
				DE62BA3B2A84E2F600CA64C1 /* ViewController.swift */,
			);
			path = Controllers;
			sourceTree = "<group>";
		};
		DE62BA4C2A84E34000CA64C1 /* View */ = {
			isa = PBXGroup;
			children = (
				DE62BA3D2A84E2F600CA64C1 /* Main.storyboard */,
			);
			path = View;
			sourceTree = "<group>";
		};
		DE62BA4D2A84E34200CA64C1 /* Models */ = {
			isa = PBXGroup;
			children = (
			);
			path = Models;
			sourceTree = "<group>";
		};
		DEB107842A85347900506C21 /* Security */ = {
			isa = PBXGroup;
			children = (
				DEEBC0352A84EC1800ED6816 /* APIKey.swift */,
			);
			path = Security;
			sourceTree = "<group>";
		};
		DEEBC03F2A84FA8E00ED6816 /* Manager */ = {
			isa = PBXGroup;
			children = (
				DEEBC0372A84F8E300ED6816 /* PapagoNetwork.swift */,
			);
			path = Manager;
			sourceTree = "<group>";
		};
		DEEBC0402A84FAAB00ED6816 /* Helpers */ = {
			isa = PBXGroup;
			children = (
				DEEBC0412A84FAC000ED6816 /* PapagoAPI.swift */,
			);
			path = Helpers;
			sourceTree = "<group>";
		};
/* End PBXGroup section */

/* Begin PBXNativeTarget section */
		DE62BA332A84E2F600CA64C1 /* PapagoAPIpractice */ = {
			isa = PBXNativeTarget;
			buildConfigurationList = DE62BA482A84E2F700CA64C1 /* Build configuration list for PBXNativeTarget "PapagoAPIpractice" */;
			buildPhases = (
				DE62BA302A84E2F600CA64C1 /* Sources */,
				DE62BA312A84E2F600CA64C1 /* Frameworks */,
				DE62BA322A84E2F600CA64C1 /* Resources */,
			);
			buildRules = (
			);
			dependencies = (
			);
			name = PapagoAPIpractice;
			packageProductDependencies = (
				DEEBC03A2A84F92C00ED6816 /* Alamofire */,
				DEEBC03D2A84F93400ED6816 /* SwiftyJSON */,
			);
			productName = PapagoAPIpractice;
			productReference = DE62BA342A84E2F600CA64C1 /* PapagoAPIpractice.app */;
			productType = "com.apple.product-type.application";
		};
/* End PBXNativeTarget section */

/* Begin PBXProject section */
		DE62BA2C2A84E2F600CA64C1 /* Project object */ = {
			isa = PBXProject;
			attributes = {
				BuildIndependentTargetsInParallel = 1;
				LastSwiftUpdateCheck = 1430;
				LastUpgradeCheck = 1430;
				TargetAttributes = {
					DE62BA332A84E2F600CA64C1 = {
						CreatedOnToolsVersion = 14.3.1;
					};
				};
			};
			buildConfigurationList = DE62BA2F2A84E2F600CA64C1 /* Build configuration list for PBXProject "PapagoAPIpractice" */;
			compatibilityVersion = "Xcode 14.0";
			developmentRegion = en;
			hasScannedForEncodings = 0;
			knownRegions = (
				en,
				Base,
			);
			mainGroup = DE62BA2B2A84E2F600CA64C1;
			packageReferences = (
				DEEBC0392A84F92C00ED6816 /* XCRemoteSwiftPackageReference "Alamofire" */,
				DEEBC03C2A84F93400ED6816 /* XCRemoteSwiftPackageReference "SwiftyJSON" */,
			);
			productRefGroup = DE62BA352A84E2F600CA64C1 /* Products */;
			projectDirPath = "";
			projectRoot = "";
			targets = (
				DE62BA332A84E2F600CA64C1 /* PapagoAPIpractice */,
			);
		};
/* End PBXProject section */

/* Begin PBXResourcesBuildPhase section */
		DE62BA322A84E2F600CA64C1 /* Resources */ = {
			isa = PBXResourcesBuildPhase;
			buildActionMask = 2147483647;
			files = (
				DEEBC0332A84EBEC00ED6816 /* .gitignore in Resources */,
				DE62BA442A84E2F700CA64C1 /* LaunchScreen.storyboard in Resources */,
				DE62BA412A84E2F700CA64C1 /* Assets.xcassets in Resources */,
				DE62BA3F2A84E2F600CA64C1 /* Main.storyboard in Resources */,
			);
			runOnlyForDeploymentPostprocessing = 0;
		};
/* End PBXResourcesBuildPhase section */

/* Begin PBXSourcesBuildPhase section */
		DE62BA302A84E2F600CA64C1 /* Sources */ = {
			isa = PBXSourcesBuildPhase;
			buildActionMask = 2147483647;
			files = (
				DEEBC0422A84FAC000ED6816 /* PapagoAPI.swift in Sources */,
				DE62BA3C2A84E2F600CA64C1 /* ViewController.swift in Sources */,
				DE62BA382A84E2F600CA64C1 /* AppDelegate.swift in Sources */,
				DEEBC0362A84EC1800ED6816 /* APIKey.swift in Sources */,
				DE62BA3A2A84E2F600CA64C1 /* SceneDelegate.swift in Sources */,
				DEEBC0382A84F8E300ED6816 /* PapagoNetwork.swift in Sources */,
			);
			runOnlyForDeploymentPostprocessing = 0;
		};
/* End PBXSourcesBuildPhase section */

/* Begin PBXVariantGroup section */
		DE62BA3D2A84E2F600CA64C1 /* Main.storyboard */ = {
			isa = PBXVariantGroup;
			children = (
				DE62BA3E2A84E2F600CA64C1 /* Base */,
			);
			name = Main.storyboard;
			sourceTree = "<group>";
		};
		DE62BA422A84E2F700CA64C1 /* LaunchScreen.storyboard */ = {
			isa = PBXVariantGroup;
			children = (
				DE62BA432A84E2F700CA64C1 /* Base */,
			);
			name = LaunchScreen.storyboard;
			sourceTree = "<group>";
		};
/* End PBXVariantGroup section */

/* Begin XCBuildConfiguration section */
		DE62BA462A84E2F700CA64C1 /* Debug */ = {
			isa = XCBuildConfiguration;
			buildSettings = {
				ALWAYS_SEARCH_USER_PATHS = NO;
				CLANG_ANALYZER_NONNULL = YES;
				CLANG_ANALYZER_NUMBER_OBJECT_CONVERSION = YES_AGGRESSIVE;
				CLANG_CXX_LANGUAGE_STANDARD = "gnu++20";
				CLANG_ENABLE_MODULES = YES;
				CLANG_ENABLE_OBJC_ARC = YES;
				CLANG_ENABLE_OBJC_WEAK = YES;
				CLANG_WARN_BLOCK_CAPTURE_AUTORELEASING = YES;
				CLANG_WARN_BOOL_CONVERSION = YES;
				CLANG_WARN_COMMA = YES;
				CLANG_WARN_CONSTANT_CONVERSION = YES;
				CLANG_WARN_DEPRECATED_OBJC_IMPLEMENTATIONS = YES;
				CLANG_WARN_DIRECT_OBJC_ISA_USAGE = YES_ERROR;
				CLANG_WARN_DOCUMENTATION_COMMENTS = YES;
				CLANG_WARN_EMPTY_BODY = YES;
				CLANG_WARN_ENUM_CONVERSION = YES;
				CLANG_WARN_INFINITE_RECURSION = YES;
				CLANG_WARN_INT_CONVERSION = YES;
				CLANG_WARN_NON_LITERAL_NULL_CONVERSION = YES;
				CLANG_WARN_OBJC_IMPLICIT_RETAIN_SELF = YES;
				CLANG_WARN_OBJC_LITERAL_CONVERSION = YES;
				CLANG_WARN_OBJC_ROOT_CLASS = YES_ERROR;
				CLANG_WARN_QUOTED_INCLUDE_IN_FRAMEWORK_HEADER = YES;
				CLANG_WARN_RANGE_LOOP_ANALYSIS = YES;
				CLANG_WARN_STRICT_PROTOTYPES = YES;
				CLANG_WARN_SUSPICIOUS_MOVE = YES;
				CLANG_WARN_UNGUARDED_AVAILABILITY = YES_AGGRESSIVE;
				CLANG_WARN_UNREACHABLE_CODE = YES;
				CLANG_WARN__DUPLICATE_METHOD_MATCH = YES;
				COPY_PHASE_STRIP = NO;
				DEBUG_INFORMATION_FORMAT = dwarf;
				ENABLE_STRICT_OBJC_MSGSEND = YES;
				ENABLE_TESTABILITY = YES;
				GCC_C_LANGUAGE_STANDARD = gnu11;
				GCC_DYNAMIC_NO_PIC = NO;
				GCC_NO_COMMON_BLOCKS = YES;
				GCC_OPTIMIZATION_LEVEL = 0;
				GCC_PREPROCESSOR_DEFINITIONS = (
					"DEBUG=1",
					"$(inherited)",
				);
				GCC_WARN_64_TO_32_BIT_CONVERSION = YES;
				GCC_WARN_ABOUT_RETURN_TYPE = YES_ERROR;
				GCC_WARN_UNDECLARED_SELECTOR = YES;
				GCC_WARN_UNINITIALIZED_AUTOS = YES_AGGRESSIVE;
				GCC_WARN_UNUSED_FUNCTION = YES;
				GCC_WARN_UNUSED_VARIABLE = YES;
				IPHONEOS_DEPLOYMENT_TARGET = 16.4;
				MTL_ENABLE_DEBUG_INFO = INCLUDE_SOURCE;
				MTL_FAST_MATH = YES;
				ONLY_ACTIVE_ARCH = YES;
				SDKROOT = iphoneos;
				SWIFT_ACTIVE_COMPILATION_CONDITIONS = DEBUG;
				SWIFT_OPTIMIZATION_LEVEL = "-Onone";
			};
			name = Debug;
		};
		DE62BA472A84E2F700CA64C1 /* Release */ = {
			isa = XCBuildConfiguration;
			buildSettings = {
				ALWAYS_SEARCH_USER_PATHS = NO;
				CLANG_ANALYZER_NONNULL = YES;
				CLANG_ANALYZER_NUMBER_OBJECT_CONVERSION = YES_AGGRESSIVE;
				CLANG_CXX_LANGUAGE_STANDARD = "gnu++20";
				CLANG_ENABLE_MODULES = YES;
				CLANG_ENABLE_OBJC_ARC = YES;
				CLANG_ENABLE_OBJC_WEAK = YES;
				CLANG_WARN_BLOCK_CAPTURE_AUTORELEASING = YES;
				CLANG_WARN_BOOL_CONVERSION = YES;
				CLANG_WARN_COMMA = YES;
				CLANG_WARN_CONSTANT_CONVERSION = YES;
				CLANG_WARN_DEPRECATED_OBJC_IMPLEMENTATIONS = YES;
				CLANG_WARN_DIRECT_OBJC_ISA_USAGE = YES_ERROR;
				CLANG_WARN_DOCUMENTATION_COMMENTS = YES;
				CLANG_WARN_EMPTY_BODY = YES;
				CLANG_WARN_ENUM_CONVERSION = YES;
				CLANG_WARN_INFINITE_RECURSION = YES;
				CLANG_WARN_INT_CONVERSION = YES;
				CLANG_WARN_NON_LITERAL_NULL_CONVERSION = YES;
				CLANG_WARN_OBJC_IMPLICIT_RETAIN_SELF = YES;
				CLANG_WARN_OBJC_LITERAL_CONVERSION = YES;
				CLANG_WARN_OBJC_ROOT_CLASS = YES_ERROR;
				CLANG_WARN_QUOTED_INCLUDE_IN_FRAMEWORK_HEADER = YES;
				CLANG_WARN_RANGE_LOOP_ANALYSIS = YES;
				CLANG_WARN_STRICT_PROTOTYPES = YES;
				CLANG_WARN_SUSPICIOUS_MOVE = YES;
				CLANG_WARN_UNGUARDED_AVAILABILITY = YES_AGGRESSIVE;
				CLANG_WARN_UNREACHABLE_CODE = YES;
				CLANG_WARN__DUPLICATE_METHOD_MATCH = YES;
				COPY_PHASE_STRIP = NO;
				DEBUG_INFORMATION_FORMAT = "dwarf-with-dsym";
				ENABLE_NS_ASSERTIONS = NO;
				ENABLE_STRICT_OBJC_MSGSEND = YES;
				GCC_C_LANGUAGE_STANDARD = gnu11;
				GCC_NO_COMMON_BLOCKS = YES;
				GCC_WARN_64_TO_32_BIT_CONVERSION = YES;
				GCC_WARN_ABOUT_RETURN_TYPE = YES_ERROR;
				GCC_WARN_UNDECLARED_SELECTOR = YES;
				GCC_WARN_UNINITIALIZED_AUTOS = YES_AGGRESSIVE;
				GCC_WARN_UNUSED_FUNCTION = YES;
				GCC_WARN_UNUSED_VARIABLE = YES;
				IPHONEOS_DEPLOYMENT_TARGET = 16.4;
				MTL_ENABLE_DEBUG_INFO = NO;
				MTL_FAST_MATH = YES;
				SDKROOT = iphoneos;
				SWIFT_COMPILATION_MODE = wholemodule;
				SWIFT_OPTIMIZATION_LEVEL = "-O";
				VALIDATE_PRODUCT = YES;
			};
			name = Release;
		};
		DE62BA492A84E2F700CA64C1 /* Debug */ = {
			isa = XCBuildConfiguration;
			buildSettings = {
				ASSETCATALOG_COMPILER_APPICON_NAME = AppIcon;
				ASSETCATALOG_COMPILER_GLOBAL_ACCENT_COLOR_NAME = AccentColor;
				CODE_SIGN_STYLE = Automatic;
				CURRENT_PROJECT_VERSION = 1;
				DEVELOPMENT_TEAM = R5RPU2QP33;
				GENERATE_INFOPLIST_FILE = YES;
				INFOPLIST_FILE = PapagoAPIpractice/Info.plist;
				INFOPLIST_KEY_UIApplicationSupportsIndirectInputEvents = YES;
				INFOPLIST_KEY_UILaunchStoryboardName = LaunchScreen;
				INFOPLIST_KEY_UIMainStoryboardFile = Main;
				INFOPLIST_KEY_UISupportedInterfaceOrientations_iPad = "UIInterfaceOrientationPortrait UIInterfaceOrientationPortraitUpsideDown UIInterfaceOrientationLandscapeLeft UIInterfaceOrientationLandscapeRight";
				INFOPLIST_KEY_UISupportedInterfaceOrientations_iPhone = "UIInterfaceOrientationPortrait UIInterfaceOrientationLandscapeLeft UIInterfaceOrientationLandscapeRight";
				IPHONEOS_DEPLOYMENT_TARGET = 16.0;
				LD_RUNPATH_SEARCH_PATHS = (
					"$(inherited)",
					"@executable_path/Frameworks",
				);
				MARKETING_VERSION = 1.0;
				PRODUCT_BUNDLE_IDENTIFIER = unicus.fortis.PapagoAPIpractice;
				PRODUCT_NAME = "$(TARGET_NAME)";
				SUPPORTED_PLATFORMS = "iphoneos iphonesimulator";
				SUPPORTS_MACCATALYST = NO;
				SUPPORTS_MAC_DESIGNED_FOR_IPHONE_IPAD = NO;
				SWIFT_EMIT_LOC_STRINGS = YES;
				SWIFT_VERSION = 5.0;
				TARGETED_DEVICE_FAMILY = 1;
			};
			name = Debug;
		};
		DE62BA4A2A84E2F700CA64C1 /* Release */ = {
			isa = XCBuildConfiguration;
			buildSettings = {
				ASSETCATALOG_COMPILER_APPICON_NAME = AppIcon;
				ASSETCATALOG_COMPILER_GLOBAL_ACCENT_COLOR_NAME = AccentColor;
				CODE_SIGN_STYLE = Automatic;
				CURRENT_PROJECT_VERSION = 1;
				DEVELOPMENT_TEAM = R5RPU2QP33;
				GENERATE_INFOPLIST_FILE = YES;
				INFOPLIST_FILE = PapagoAPIpractice/Info.plist;
				INFOPLIST_KEY_UIApplicationSupportsIndirectInputEvents = YES;
				INFOPLIST_KEY_UILaunchStoryboardName = LaunchScreen;
				INFOPLIST_KEY_UIMainStoryboardFile = Main;
				INFOPLIST_KEY_UISupportedInterfaceOrientations_iPad = "UIInterfaceOrientationPortrait UIInterfaceOrientationPortraitUpsideDown UIInterfaceOrientationLandscapeLeft UIInterfaceOrientationLandscapeRight";
				INFOPLIST_KEY_UISupportedInterfaceOrientations_iPhone = "UIInterfaceOrientationPortrait UIInterfaceOrientationLandscapeLeft UIInterfaceOrientationLandscapeRight";
				IPHONEOS_DEPLOYMENT_TARGET = 16.0;
				LD_RUNPATH_SEARCH_PATHS = (
					"$(inherited)",
					"@executable_path/Frameworks",
				);
				MARKETING_VERSION = 1.0;
				PRODUCT_BUNDLE_IDENTIFIER = unicus.fortis.PapagoAPIpractice;
				PRODUCT_NAME = "$(TARGET_NAME)";
				SUPPORTED_PLATFORMS = "iphoneos iphonesimulator";
				SUPPORTS_MACCATALYST = NO;
				SUPPORTS_MAC_DESIGNED_FOR_IPHONE_IPAD = NO;
				SWIFT_EMIT_LOC_STRINGS = YES;
				SWIFT_VERSION = 5.0;
				TARGETED_DEVICE_FAMILY = 1;
			};
			name = Release;
		};
/* End XCBuildConfiguration section */

/* Begin XCConfigurationList section */
		DE62BA2F2A84E2F600CA64C1 /* Build configuration list for PBXProject "PapagoAPIpractice" */ = {
			isa = XCConfigurationList;
			buildConfigurations = (
				DE62BA462A84E2F700CA64C1 /* Debug */,
				DE62BA472A84E2F700CA64C1 /* Release */,
			);
			defaultConfigurationIsVisible = 0;
			defaultConfigurationName = Release;
		};
		DE62BA482A84E2F700CA64C1 /* Build configuration list for PBXNativeTarget "PapagoAPIpractice" */ = {
			isa = XCConfigurationList;
			buildConfigurations = (
				DE62BA492A84E2F700CA64C1 /* Debug */,
				DE62BA4A2A84E2F700CA64C1 /* Release */,
			);
			defaultConfigurationIsVisible = 0;
			defaultConfigurationName = Release;
		};
/* End XCConfigurationList section */

/* Begin XCRemoteSwiftPackageReference section */
		DEEBC0392A84F92C00ED6816 /* XCRemoteSwiftPackageReference "Alamofire" */ = {
			isa = XCRemoteSwiftPackageReference;
			repositoryURL = "https://github.com/Alamofire/Alamofire";
			requirement = {
				kind = upToNextMajorVersion;
				minimumVersion = 5.0.0;
			};
		};
		DEEBC03C2A84F93400ED6816 /* XCRemoteSwiftPackageReference "SwiftyJSON" */ = {
			isa = XCRemoteSwiftPackageReference;
			repositoryURL = "https://github.com/SwiftyJSON/SwiftyJSON";
			requirement = {
				kind = upToNextMajorVersion;
				minimumVersion = 5.0.0;
			};
		};
/* End XCRemoteSwiftPackageReference section */

/* Begin XCSwiftPackageProductDependency section */
		DEEBC03A2A84F92C00ED6816 /* Alamofire */ = {
			isa = XCSwiftPackageProductDependency;
			package = DEEBC0392A84F92C00ED6816 /* XCRemoteSwiftPackageReference "Alamofire" */;
			productName = Alamofire;
		};
		DEEBC03D2A84F93400ED6816 /* SwiftyJSON */ = {
			isa = XCSwiftPackageProductDependency;
			package = DEEBC03C2A84F93400ED6816 /* XCRemoteSwiftPackageReference "SwiftyJSON" */;
			productName = SwiftyJSON;
		};
/* End XCSwiftPackageProductDependency section */
	};
	rootObject = DE62BA2C2A84E2F600CA64C1 /* Project object */;
}
